# THIS IS AN AUTOGENERATED FILE. DO NOT EDIT THIS FILE DIRECTLY.
# yarn lockfile v1


"@types/lodash@^4.14.136":
  version "4.14.136"
  resolved "http://localhost:4873/@types%2flodash/-/lodash-4.14.136.tgz#413e85089046b865d960c9ff1d400e04c31ab60f"
  integrity sha512-0GJhzBdvsW2RUccNHOBkabI8HZVdOXmXbXhuKlDEd5Vv12P7oAVGfomGp3Ne21o5D/qu1WmthlNKFaoZJJeErA==

"@types/node@*":
  version "12.6.9"
  resolved "http://localhost:4873/@types%2fnode/-/node-12.6.9.tgz#ffeee23afdc19ab16e979338e7b536fdebbbaeaf"
  integrity sha512-+YB9FtyxXGyD54p8rXwWaN1EWEyar5L58GlGWgtH2I9rGmLGBQcw63+0jw+ujqVavNuO47S1ByAjm9zdHMnskw==

"@types/node@^10.12.12":
  version "10.14.14"
  resolved "http://localhost:4873/@types%2fnode/-/node-10.14.14.tgz#a47955df2acf76ba7f0ac3b205d325da193dc9ad"
  integrity sha512-xXD08vZsvpv4xptQXj1+ky22f7ZoKu5ZNI/4l+/BXG3X+XaeZsmaFbbTKuhSE3NjjvRuZFxFf9sQBMXIcZNFMQ==

"@types/pino@^5.8.8":
  version "5.8.8"
  resolved "http://localhost:4873/@types%2fpino/-/pino-5.8.8.tgz#930eb30f1f1eb76b97792647477aab59e5852574"
  integrity sha512-SxAdLtEpPkVUdnI3iCUjyFC7WVLFiebyzqypvkuJVo7dyK6BPuQ4lTOuZRKpbEdgG386l5HgfqpymL3oWLOUXg==
  dependencies:
    "@types/node" "*"
    "@types/sonic-boom" "*"

"@types/sonic-boom@*":
  version "0.6.2"
  resolved "http://localhost:4873/@types%2fsonic-boom/-/sonic-boom-0.6.2.tgz#5f6c7bf6b4a0994f9339d778da6a7adcc3d37080"
  integrity sha512-vP9Sn1tuz/BTh8L1o776Cbzr+WH4dZGmRXOjQ5L+IVQx40hUmvOS2wfIkqUsID1vL62tThWdlXWIqijwewu3mw==
  dependencies:
    "@types/node" "*"

debug@^4.1.0:
  version "4.1.1"
  resolved "http://localhost:4873/debug/-/debug-4.1.1.tgz#3b72260255109c6b589cee050f1d516139664791"
  integrity sha512-pYAIzeRo8J6KPEaJ0VWOh5Pzkbw/RetuzehGM7QRRX5he4fPHx2rdKMB256ehJCkX+XRQm16eZLqLNS8RSZXZw==
  dependencies:
    ms "^2.1.1"

fast-redact@^1.4.4:
  version "1.5.0"
  resolved "http://localhost:4873/fast-redact/-/fast-redact-1.5.0.tgz#302892f566750c4f5eec7b830bfc9bc473484034"
  integrity sha512-Afo61CgUjkzdvOKDHn08qnZ0kwck38AOGcMlvSGzvJbIab6soAP5rdoQayecGCDsD69AiF9vJBXyq31eoEO2tQ==

fast-safe-stringify@^2.0.6:
  version "2.0.6"
  resolved "http://localhost:4873/fast-safe-stringify/-/fast-safe-stringify-2.0.6.tgz#04b26106cc56681f51a044cfc0d76cf0008ac2c2"
  integrity sha512-q8BZ89jjc+mz08rSxROs8VsrBBcn1SIw1kq9NjolL509tkABRk9io01RAjSaEv1Xb2uFLt8VtRiZbGp5H8iDtg==

flatstr@^1.0.12, flatstr@^1.0.9:
  version "1.0.12"
  resolved "http://localhost:4873/flatstr/-/flatstr-1.0.12.tgz#c2ba6a08173edbb6c9640e3055b95e287ceb5931"
  integrity sha512-4zPxDyhCyiN2wIAtSLI6gc82/EjqZc1onI4Mz/l0pWrAlsSfYH/2ZIcU+e3oA2wDwbzIWNKwa23F8rh6+DRWkw==

lodash@^4.17.15:
  version "4.17.15"
  resolved "http://localhost:4873/lodash/-/lodash-4.17.15.tgz#b447f6670a0455bbfeedd11392eff330ea097548"
  integrity sha512-8xOcRHvCjnocdS5cpwXQXVzmmh5e5+saE2QGoeQmbKmRS6J3VQppPOIt0MnmE+4xlZoumy0GPG0D0MVIQbNA1A==

ms@^2.1.1:
  version "2.1.2"
  resolved "http://localhost:4873/ms/-/ms-2.1.2.tgz#d09d1f357b443f493382a8eb3ccd183872ae6009"
  integrity sha512-sGkPx+VjMtmA6MX27oA4FBFELFCZZ4S4XqeGOXCv68tT+jb3vk/RyaKWP0PTKyWtmLSM0b+adUTEvbs1PEaH2w==

pino-std-serializers@^2.3.0:
  version "2.4.2"
  resolved "http://localhost:4873/pino-std-serializers/-/pino-std-serializers-2.4.2.tgz#cb5e3e58c358b26f88969d7e619ae54bdfcc1ae1"
  integrity sha512-WaL504dO8eGs+vrK+j4BuQQq6GLKeCCcHaMB2ItygzVURcL1CycwNEUHTD/lHFHs/NL5qAz2UKrjYWXKSf4aMQ==

pino@^5.13.1:
  version "5.13.1"
  resolved "http://localhost:4873/pino/-/pino-5.13.1.tgz#583eb92be0ccbaa2a98ab2842817a1fa103cb26e"
  integrity sha512-IxusG28L0g50uuf21kZELypdFOeNrJ/kRhktdi7LtdZQWCxLliMxG5iOrGUQ/ng7MiJ4XqXi/hfyXwZeKc1MxA==
  dependencies:
    fast-redact "^1.4.4"
    fast-safe-stringify "^2.0.6"
    flatstr "^1.0.9"
    pino-std-serializers "^2.3.0"
    quick-format-unescaped "^3.0.2"
    sonic-boom "^0.7.5"

quick-format-unescaped@^3.0.2:
  version "3.0.2"
  resolved "http://localhost:4873/quick-format-unescaped/-/quick-format-unescaped-3.0.2.tgz#0137e94d8fb37ffeb70040535111c378e75396fb"
  integrity sha512-FXTaCkwvpIlkdKeGDNgcq07SXWS383noQUuZjvdE1QcTt+eLuqof6/BDiEPqB59FWLie/l91+HtlJSw7iCViSA==

sonic-boom@^0.7.5:
  version "0.7.5"
  resolved "http://localhost:4873/sonic-boom/-/sonic-boom-0.7.5.tgz#b383d92cdaaa8e66d1f77bdec71b49806d01b5f1"
  integrity sha512-1pKrnAV6RfvntPnarY71tpthFTM3pWZWWQdghZY8ARjtDPGzG/inxqSuRwQY/7V1woUjfyxPb437zn4p5phgnQ==
  dependencies:
    flatstr "^1.0.12"
